Microsoft Visual Studio Solution File, Format Version 12.00
# Visual Studio Version 16
VisualStudioVersion = 16.0.0.0
MinimumVisualStudioVersion = 16.0.0.0
Project("{9A19103F-16F7-4668-BE54-9A1E7A4F7556}") = "BlazorWebAppStarter", "src\BlazorWebAppStarter\BlazorWebAppStarter\BlazorWebAppStarter.csproj", "{9CE972AF-8197-4369-83AC-E77CD24EA7E4}"
EndProject
Project("{9A19103F-16F7-4668-BE54-9A1E7A4F7556}") = "BlazorWebAppStarter.Client", "src\BlazorWebAppStarter\BlazorWebAppStarter.Client\BlazorWebAppStarter.Client.csproj", "{B1ABCC45-0938-4594-97E3-2B6F0459F1C2}"
EndProject
Project("{FAE04EC0-301F-11D3-BF4B-00C04F79EFBC}") = "BlazorWebAppStarter.Shared", "src\BlazorWebAppStarter\BlazorWebAppStarter.Shared\BlazorWebAppStarter.Shared.csproj", "{BC134787-EDC1-486B-A072-2367B36CE8CB}"
EndProject
Global
	GlobalSection(SolutionConfigurationPlatforms) = preSolution
		Debug|Any CPU = Debug|Any CPU
		Debug|x64 = Debug|x64
		Debug|x86 = Debug|x86
		Release|Any CPU = Release|Any CPU
		Release|x64 = Release|x64
		Release|x86 = Release|x86
	EndGlobalSection
	GlobalSection(ProjectConfigurationPlatforms) = postSolution
		{B1ABCC45-0938-4594-97E3-2B6F0459F1C2}.Debug|Any CPU.ActiveCfg = Debug|Any CPU
		{B1ABCC45-0938-4594-97E3-2B6F0459F1C2}.Debug|Any CPU.Build.0 = Debug|Any CPU
		{B1ABCC45-0938-4594-97E3-2B6F0459F1C2}.Debug|x64.ActiveCfg = Debug|Any CPU
		{B1ABCC45-0938-4594-97E3-2B6F0459F1C2}.Debug|x64.Build.0 = Debug|Any CPU
		{B1ABCC45-0938-4594-97E3-2B6F0459F1C2}.Debug|x86.ActiveCfg = Debug|Any CPU
		{B1ABCC45-0938-4594-97E3-2B6F0459F1C2}.Debug|x86.Build.0 = Debug|Any CPU
		{B1ABCC45-0938-4594-97E3-2B6F0459F1C2}.Release|Any CPU.ActiveCfg = Release|Any CPU
		{B1ABCC45-0938-4594-97E3-2B6F0459F1C2}.Release|Any CPU.Build.0 = Release|Any CPU
		{B1ABCC45-0938-4594-97E3-2B6F0459F1C2}.Release|x64.ActiveCfg = Release|Any CPU
		{B1ABCC45-0938-4594-97E3-2B6F0459F1C2}.Release|x64.Build.0 = Release|Any CPU
		{B1ABCC45-0938-4594-97E3-2B6F0459F1C2}.Release|x86.ActiveCfg = Release|Any CPU
		{B1ABCC45-0938-4594-97E3-2B6F0459F1C2}.Release|x86.Build.0 = Release|Any CPU
		{9CE972AF-8197-4369-83AC-E77CD24EA7E4}.Debug|Any CPU.ActiveCfg = Debug|Any CPU
		{9CE972AF-8197-4369-83AC-E77CD24EA7E4}.Debug|Any CPU.Build.0 = Debug|Any CPU
		{9CE972AF-8197-4369-83AC-E77CD24EA7E4}.Debug|x64.ActiveCfg = Debug|Any CPU
		{9CE972AF-8197-4369-83AC-E77CD24EA7E4}.Debug|x64.Build.0 = Debug|Any CPU
		{9CE972AF-8197-4369-83AC-E77CD24EA7E4}.Debug|x86.ActiveCfg = Debug|Any CPU
		{9CE972AF-8197-4369-83AC-E77CD24EA7E4}.Debug|x86.Build.0 = Debug|Any CPU
		{9CE972AF-8197-4369-83AC-E77CD24EA7E4}.Release|Any CPU.ActiveCfg = Release|Any CPU
		{9CE972AF-8197-4369-83AC-E77CD24EA7E4}.Release|Any CPU.Build.0 = Release|Any CPU
		{9CE972AF-8197-4369-83AC-E77CD24EA7E4}.Release|x64.ActiveCfg = Release|Any CPU
		{9CE972AF-8197-4369-83AC-E77CD24EA7E4}.Release|x64.Build.0 = Release|Any CPU
		{9CE972AF-8197-4369-83AC-E77CD24EA7E4}.Release|x86.ActiveCfg = Release|Any CPU
		{9CE972AF-8197-4369-83AC-E77CD24EA7E4}.Release|x86.Build.0 = Release|Any CPU
		{BC134787-EDC1-486B-A072-2367B36CE8CB}.Debug|Any CPU.ActiveCfg = Debug|Any CPU
		{BC134787-EDC1-486B-A072-2367B36CE8CB}.Debug|Any CPU.Build.0 = Debug|Any CPU
		{BC134787-EDC1-486B-A072-2367B36CE8CB}.Debug|x64.ActiveCfg = Debug|Any CPU
		{BC134787-EDC1-486B-A072-2367B36CE8CB}.Debug|x64.Build.0 = Debug|Any CPU
		{BC134787-EDC1-486B-A072-2367B36CE8CB}.Debug|x86.ActiveCfg = Debug|Any CPU
		{BC134787-EDC1-486B-A072-2367B36CE8CB}.Debug|x86.Build.0 = Debug|Any CPU
		{BC134787-EDC1-486B-A072-2367B36CE8CB}.Release|Any CPU.ActiveCfg = Release|Any CPU
		{BC134787-EDC1-486B-A072-2367B36CE8CB}.Release|Any CPU.Build.0 = Release|Any CPU
		{BC134787-EDC1-486B-A072-2367B36CE8CB}.Release|x64.ActiveCfg = Release|Any CPU
		{BC134787-EDC1-486B-A072-2367B36CE8CB}.Release|x64.Build.0 = Release|Any CPU
		{BC134787-EDC1-486B-A072-2367B36CE8CB}.Release|x86.ActiveCfg = Release|Any CPU
		{BC134787-EDC1-486B-A072-2367B36CE8CB}.Release|x86.Build.0 = Release|Any CPU
	EndGlobalSection
	GlobalSection(SolutionProperties) = preSolution
		HideSolutionNode = FALSE
	EndGlobalSection
	GlobalSection(ExtensibilityGlobals) = postSolution
		SolutionGuid = {1558B4A1-DD7E-4B30-AE23-A4DF0E1CE0F9}
	EndGlobalSection
EndGlobal
